
Microsoft Visual Studio Solution File, Format Version 12.00
# Visual Studio Version 17
VisualStudioVersion = 17.8.34309.116
MinimumVisualStudioVersion = 10.0.40219.1
Project("{2150E333-8FDC-42A3-9474-1A3956D46DE8}") = "SRC", "SRC", "{277F0188-D97B-4182-8EE6-43B418A48F57}"
EndProject
Project("{2150E333-8FDC-42A3-9474-1A3956D46DE8}") = "Core", "Core", "{F540E492-E39D-43D7-82D6-25C3D346FA01}"
EndProject
Project("{2150E333-8FDC-42A3-9474-1A3956D46DE8}") = "Infrestructure", "Infrestructure", "{B8EF51E8-DD0F-4138-BF1C-421E2A8EA2BE}"
EndProject
Project("{2150E333-8FDC-42A3-9474-1A3956D46DE8}") = "Domain", "Domain", "{C4089FB1-34E9-467E-8F93-725CE845ACC2}"
EndProject
Project("{2150E333-8FDC-42A3-9474-1A3956D46DE8}") = "Application", "Application", "{EE97CA72-FB8B-4C22-A7ED-45B0F1B2D178}"
EndProject
Project("{9A19103F-16F7-4668-BE54-9A1E7A4F7556}") = "Core.Domain", "Domain\Core.Domain.csproj", "{2201C5A3-7670-4756-A2C5-23FA92CA0936}"
EndProject
Project("{9A19103F-16F7-4668-BE54-9A1E7A4F7556}") = "Core.Application", "Application\Core.Application.csproj", "{51BDC11A-E507-4EF4-A424-BA593CD84502}"
EndProject
Project("{2150E333-8FDC-42A3-9474-1A3956D46DE8}") = "Presentation", "Presentation", "{0B301505-B06F-49D6-8361-B4331ABF1771}"
EndProject
Project("{2150E333-8FDC-42A3-9474-1A3956D46DE8}") = "Persistance", "Persistance", "{8ED5AAE8-A4C5-4EDD-B72C-60D6C3DC3E89}"
EndProject
Project("{9A19103F-16F7-4668-BE54-9A1E7A4F7556}") = "Infrestructure.Persistance", "Infrestructure.Persistance\Infrestructure.Persistance.csproj", "{37D6CF98-1470-4677-8330-19EA85ECB18D}"
EndProject
Project("{2150E333-8FDC-42A3-9474-1A3956D46DE8}") = "WebFramework", "WebFramework", "{FDA12797-84BB-4AB6-928A-29F868DE8DA9}"
EndProject
Project("{9A19103F-16F7-4668-BE54-9A1E7A4F7556}") = "WebFramework", "WebFramework\WebFramework.csproj", "{FB236DD8-550D-41DE-BECF-B3417C42BF52}"
EndProject
Project("{9A19103F-16F7-4668-BE54-9A1E7A4F7556}") = "TelegramBot", "..\TelegramBot\TelegramBot.csproj", "{468216A4-36E9-400D-A1EC-3DA5BB998F77}"
EndProject
Global
	GlobalSection(SolutionConfigurationPlatforms) = preSolution
		Debug|Any CPU = Debug|Any CPU
		Release|Any CPU = Release|Any CPU
	EndGlobalSection
	GlobalSection(ProjectConfigurationPlatforms) = postSolution
		{2201C5A3-7670-4756-A2C5-23FA92CA0936}.Debug|Any CPU.ActiveCfg = Debug|Any CPU
		{2201C5A3-7670-4756-A2C5-23FA92CA0936}.Debug|Any CPU.Build.0 = Debug|Any CPU
		{2201C5A3-7670-4756-A2C5-23FA92CA0936}.Release|Any CPU.ActiveCfg = Release|Any CPU
		{2201C5A3-7670-4756-A2C5-23FA92CA0936}.Release|Any CPU.Build.0 = Release|Any CPU
		{51BDC11A-E507-4EF4-A424-BA593CD84502}.Debug|Any CPU.ActiveCfg = Debug|Any CPU
		{51BDC11A-E507-4EF4-A424-BA593CD84502}.Debug|Any CPU.Build.0 = Debug|Any CPU
		{51BDC11A-E507-4EF4-A424-BA593CD84502}.Release|Any CPU.ActiveCfg = Release|Any CPU
		{51BDC11A-E507-4EF4-A424-BA593CD84502}.Release|Any CPU.Build.0 = Release|Any CPU
		{37D6CF98-1470-4677-8330-19EA85ECB18D}.Debug|Any CPU.ActiveCfg = Debug|Any CPU
		{37D6CF98-1470-4677-8330-19EA85ECB18D}.Debug|Any CPU.Build.0 = Debug|Any CPU
		{37D6CF98-1470-4677-8330-19EA85ECB18D}.Release|Any CPU.ActiveCfg = Release|Any CPU
		{37D6CF98-1470-4677-8330-19EA85ECB18D}.Release|Any CPU.Build.0 = Release|Any CPU
		{FB236DD8-550D-41DE-BECF-B3417C42BF52}.Debug|Any CPU.ActiveCfg = Debug|Any CPU
		{FB236DD8-550D-41DE-BECF-B3417C42BF52}.Debug|Any CPU.Build.0 = Debug|Any CPU
		{FB236DD8-550D-41DE-BECF-B3417C42BF52}.Release|Any CPU.ActiveCfg = Release|Any CPU
		{FB236DD8-550D-41DE-BECF-B3417C42BF52}.Release|Any CPU.Build.0 = Release|Any CPU
		{468216A4-36E9-400D-A1EC-3DA5BB998F77}.Debug|Any CPU.ActiveCfg = Debug|Any CPU
		{468216A4-36E9-400D-A1EC-3DA5BB998F77}.Debug|Any CPU.Build.0 = Debug|Any CPU
		{468216A4-36E9-400D-A1EC-3DA5BB998F77}.Release|Any CPU.ActiveCfg = Release|Any CPU
		{468216A4-36E9-400D-A1EC-3DA5BB998F77}.Release|Any CPU.Build.0 = Release|Any CPU
	EndGlobalSection
	GlobalSection(SolutionProperties) = preSolution
		HideSolutionNode = FALSE
	EndGlobalSection
	GlobalSection(NestedProjects) = preSolution
		{F540E492-E39D-43D7-82D6-25C3D346FA01} = {277F0188-D97B-4182-8EE6-43B418A48F57}
		{B8EF51E8-DD0F-4138-BF1C-421E2A8EA2BE} = {277F0188-D97B-4182-8EE6-43B418A48F57}
		{C4089FB1-34E9-467E-8F93-725CE845ACC2} = {F540E492-E39D-43D7-82D6-25C3D346FA01}
		{EE97CA72-FB8B-4C22-A7ED-45B0F1B2D178} = {F540E492-E39D-43D7-82D6-25C3D346FA01}
		{2201C5A3-7670-4756-A2C5-23FA92CA0936} = {C4089FB1-34E9-467E-8F93-725CE845ACC2}
		{51BDC11A-E507-4EF4-A424-BA593CD84502} = {EE97CA72-FB8B-4C22-A7ED-45B0F1B2D178}
		{0B301505-B06F-49D6-8361-B4331ABF1771} = {277F0188-D97B-4182-8EE6-43B418A48F57}
		{8ED5AAE8-A4C5-4EDD-B72C-60D6C3DC3E89} = {B8EF51E8-DD0F-4138-BF1C-421E2A8EA2BE}
		{37D6CF98-1470-4677-8330-19EA85ECB18D} = {8ED5AAE8-A4C5-4EDD-B72C-60D6C3DC3E89}
		{FDA12797-84BB-4AB6-928A-29F868DE8DA9} = {277F0188-D97B-4182-8EE6-43B418A48F57}
		{FB236DD8-550D-41DE-BECF-B3417C42BF52} = {FDA12797-84BB-4AB6-928A-29F868DE8DA9}
		{468216A4-36E9-400D-A1EC-3DA5BB998F77} = {0B301505-B06F-49D6-8361-B4331ABF1771}
	EndGlobalSection
	GlobalSection(ExtensibilityGlobals) = postSolution
		SolutionGuid = {5124AED7-3671-41E1-AC4D-76934F66A9AA}
	EndGlobalSection
EndGlobal
